
Microsoft Visual Studio Solution File, Format Version 12.00
# Visual Studio Version 16
VisualStudioVersion = 16.0.809.1
MinimumVisualStudioVersion = 10.0.40219.1
Project("{FAE04EC0-301F-11D3-BF4B-00C04F79EFBC}") = "Finally", "Finally.csproj", "{F957FFAB-03DE-4257-8DED-5AB59C8AB59B}"
EndProject
Global
	GlobalSection(SolutionConfigurationPlatforms) = preSolution
		Debug|Any CPU = Debug|Any CPU
		Release|Any CPU = Release|Any CPU
	EndGlobalSection
	GlobalSection(ProjectConfigurationPlatforms) = postSolution
		{F957FFAB-03DE-4257-8DED-5AB59C8AB59B}.Debug|Any CPU.ActiveCfg = Debug|Any CPU
		{F957FFAB-03DE-4257-8DED-5AB59C8AB59B}.Debug|Any CPU.Build.0 = Debug|Any CPU
		{F957FFAB-03DE-4257-8DED-5AB59C8AB59B}.Release|Any CPU.ActiveCfg = Release|Any CPU
		{F957FFAB-03DE-4257-8DED-5AB59C8AB59B}.Release|Any CPU.Build.0 = Release|Any CPU
	EndGlobalSection
	GlobalSection(SolutionProperties) = preSolution
		HideSolutionNode = FALSE
	EndGlobalSection
	GlobalSection(ExtensibilityGlobals) = postSolution
		SolutionGuid = {68A07B67-AB92-40B2-B6F7-50FB90C7056E}
	EndGlobalSection
EndGlobal
